
Microsoft Visual Studio Solution File, Format Version 12.00
# Visual Studio Version 17
VisualStudioVersion = 17.1.32210.238
MinimumVisualStudioVersion = 10.0.40219.1
Project("{FAE04EC0-301F-11D3-BF4B-00C04F79EFBC}") = "Ecommerce.API", "Ecommerce.API\Ecommerce.API.csproj", "{B479B314-7577-47E0-B291-0E64C589A065}"
EndProject
Project("{FAE04EC0-301F-11D3-BF4B-00C04F79EFBC}") = "Ecommerce.ServiceLayer", "Ecommerce.ServiceLayer\Ecommerce.ServiceLayer.csproj", "{CADE222B-B5E5-415A-8573-58934C2155B1}"
EndProject
Global
	GlobalSection(SolutionConfigurationPlatforms) = preSolution
		Debug|Any CPU = Debug|Any CPU
		Release|Any CPU = Release|Any CPU
	EndGlobalSection
	GlobalSection(ProjectConfigurationPlatforms) = postSolution
		{B479B314-7577-47E0-B291-0E64C589A065}.Debug|Any CPU.ActiveCfg = Debug|Any CPU
		{B479B314-7577-47E0-B291-0E64C589A065}.Debug|Any CPU.Build.0 = Debug|Any CPU
		{B479B314-7577-47E0-B291-0E64C589A065}.Release|Any CPU.ActiveCfg = Release|Any CPU
		{B479B314-7577-47E0-B291-0E64C589A065}.Release|Any CPU.Build.0 = Release|Any CPU
		{CADE222B-B5E5-415A-8573-58934C2155B1}.Debug|Any CPU.ActiveCfg = Debug|Any CPU
		{CADE222B-B5E5-415A-8573-58934C2155B1}.Debug|Any CPU.Build.0 = Debug|Any CPU
		{CADE222B-B5E5-415A-8573-58934C2155B1}.Release|Any CPU.ActiveCfg = Release|Any CPU
		{CADE222B-B5E5-415A-8573-58934C2155B1}.Release|Any CPU.Build.0 = Release|Any CPU
	EndGlobalSection
	GlobalSection(SolutionProperties) = preSolution
		HideSolutionNode = FALSE
	EndGlobalSection
	GlobalSection(ExtensibilityGlobals) = postSolution
		SolutionGuid = {74E541B9-78C4-49CF-977A-46CA81E2BEBB}
	EndGlobalSection
EndGlobal
